
Microsoft Visual Studio Solution File, Format Version 12.00
# Visual Studio Version 16
VisualStudioVersion = 16.0.29509.3
MinimumVisualStudioVersion = 10.0.40219.1
Project("{8BC9CEB8-8B4A-11D0-8D11-00A0C91BC942}") = "mms_3", "mms_3\mms_3.vcxproj", "{9F90C588-8013-45D8-BF09-1790CBBB80E2}"
EndProject
Global
	GlobalSection(SolutionConfigurationPlatforms) = preSolution
		Debug|x64 = Debug|x64
		Debug|x86 = Debug|x86
		Release|x64 = Release|x64
		Release|x86 = Release|x86
	EndGlobalSection
	GlobalSection(ProjectConfigurationPlatforms) = postSolution
		{9F90C588-8013-45D8-BF09-1790CBBB80E2}.Debug|x64.ActiveCfg = Debug|x64
		{9F90C588-8013-45D8-BF09-1790CBBB80E2}.Debug|x64.Build.0 = Debug|x64
		{9F90C588-8013-45D8-BF09-1790CBBB80E2}.Debug|x86.ActiveCfg = Debug|Win32
		{9F90C588-8013-45D8-BF09-1790CBBB80E2}.Debug|x86.Build.0 = Debug|Win32
		{9F90C588-8013-45D8-BF09-1790CBBB80E2}.Release|x64.ActiveCfg = Release|x64
		{9F90C588-8013-45D8-BF09-1790CBBB80E2}.Release|x64.Build.0 = Release|x64
		{9F90C588-8013-45D8-BF09-1790CBBB80E2}.Release|x86.ActiveCfg = Release|Win32
		{9F90C588-8013-45D8-BF09-1790CBBB80E2}.Release|x86.Build.0 = Release|Win32
	EndGlobalSection
	GlobalSection(SolutionProperties) = preSolution
		HideSolutionNode = FALSE
	EndGlobalSection
	GlobalSection(ExtensibilityGlobals) = postSolution
		SolutionGuid = {C897D4A8-F3D1-4C9E-9AAC-1DFAAEE0B0B2}
	EndGlobalSection
EndGlobal
